// !$*UTF8*$!
{
	archiveVersion = 1;
	classes = {
	};
	objectVersion = 56;
	objects = {

/* Begin PBXBuildFile section */
		3D33C23A2A2FB2A300D8B57E /* TodoAppApp.swift in Sources */ = {isa = PBXBuildFile; fileRef = 3D33C2392A2FB2A300D8B57E /* TodoAppApp.swift */; };
		3D33C23C2A2FB2A300D8B57E /* ContentView.swift in Sources */ = {isa = PBXBuildFile; fileRef = 3D33C23B2A2FB2A300D8B57E /* ContentView.swift */; };
		3D33C23E2A2FB2A400D8B57E /* Assets.xcassets in Resources */ = {isa = PBXBuildFile; fileRef = 3D33C23D2A2FB2A400D8B57E /* Assets.xcassets */; };
		3D33C2412A2FB2A400D8B57E /* Preview Assets.xcassets in Resources */ = {isa = PBXBuildFile; fileRef = 3D33C2402A2FB2A400D8B57E /* Preview Assets.xcassets */; };
		3D33C2492A2FB2C600D8B57E /* ItemModel.swift in Sources */ = {isa = PBXBuildFile; fileRef = 3D33C2482A2FB2C600D8B57E /* ItemModel.swift */; };
		3D33C24C2A2FD42400D8B57E /* ListViewModel.swift in Sources */ = {isa = PBXBuildFile; fileRef = 3D33C24B2A2FD42400D8B57E /* ListViewModel.swift */; };
		3D33C24F2A30197600D8B57E /* EmptyListView.swift in Sources */ = {isa = PBXBuildFile; fileRef = 3D33C24E2A30197600D8B57E /* EmptyListView.swift */; };
		3D33C2512A301B3500D8B57E /* AddViewItem.swift in Sources */ = {isa = PBXBuildFile; fileRef = 3D33C2502A301B3500D8B57E /* AddViewItem.swift */; };
		3D33C2532A30237000D8B57E /* ListRowView.swift in Sources */ = {isa = PBXBuildFile; fileRef = 3D33C2522A30236F00D8B57E /* ListRowView.swift */; };
		3D33C2552A30259100D8B57E /* ListView.swift in Sources */ = {isa = PBXBuildFile; fileRef = 3D33C2542A30259100D8B57E /* ListView.swift */; };
/* End PBXBuildFile section */

/* Begin PBXFileReference section */
		3D33C2362A2FB2A300D8B57E /* TodoApp.app */ = {isa = PBXFileReference; explicitFileType = wrapper.application; includeInIndex = 0; path = TodoApp.app; sourceTree = BUILT_PRODUCTS_DIR; };
		3D33C2392A2FB2A300D8B57E /* TodoAppApp.swift */ = {isa = PBXFileReference; lastKnownFileType = sourcecode.swift; path = TodoAppApp.swift; sourceTree = "<group>"; };
		3D33C23B2A2FB2A300D8B57E /* ContentView.swift */ = {isa = PBXFileReference; lastKnownFileType = sourcecode.swift; path = ContentView.swift; sourceTree = "<group>"; };
		3D33C23D2A2FB2A400D8B57E /* Assets.xcassets */ = {isa = PBXFileReference; lastKnownFileType = folder.assetcatalog; path = Assets.xcassets; sourceTree = "<group>"; };
		3D33C2402A2FB2A400D8B57E /* Preview Assets.xcassets */ = {isa = PBXFileReference; lastKnownFileType = folder.assetcatalog; path = "Preview Assets.xcassets"; sourceTree = "<group>"; };
		3D33C2482A2FB2C600D8B57E /* ItemModel.swift */ = {isa = PBXFileReference; lastKnownFileType = sourcecode.swift; path = ItemModel.swift; sourceTree = "<group>"; };
		3D33C24B2A2FD42400D8B57E /* ListViewModel.swift */ = {isa = PBXFileReference; lastKnownFileType = sourcecode.swift; path = ListViewModel.swift; sourceTree = "<group>"; };
		3D33C24E2A30197600D8B57E /* EmptyListView.swift */ = {isa = PBXFileReference; lastKnownFileType = sourcecode.swift; path = EmptyListView.swift; sourceTree = "<group>"; };
		3D33C2502A301B3500D8B57E /* AddViewItem.swift */ = {isa = PBXFileReference; lastKnownFileType = sourcecode.swift; path = AddViewItem.swift; sourceTree = "<group>"; };
		3D33C2522A30236F00D8B57E /* ListRowView.swift */ = {isa = PBXFileReference; lastKnownFileType = sourcecode.swift; path = ListRowView.swift; sourceTree = "<group>"; };
		3D33C2542A30259100D8B57E /* ListView.swift */ = {isa = PBXFileReference; lastKnownFileType = sourcecode.swift; path = ListView.swift; sourceTree = "<group>"; };
/* End PBXFileReference section */

/* Begin PBXFrameworksBuildPhase section */
		3D33C2332A2FB2A300D8B57E /* Frameworks */ = {
			isa = PBXFrameworksBuildPhase;
			buildActionMask = 2147483647;
			files = (
			);
			runOnlyForDeploymentPostprocessing = 0;
		};
/* End PBXFrameworksBuildPhase section */

/* Begin PBXGroup section */
		3D33C22D2A2FB2A300D8B57E = {
			isa = PBXGroup;
			children = (
				3D33C2382A2FB2A300D8B57E /* TodoApp */,
				3D33C2372A2FB2A300D8B57E /* Products */,
			);
			sourceTree = "<group>";
		};
		3D33C2372A2FB2A300D8B57E /* Products */ = {
			isa = PBXGroup;
			children = (
				3D33C2362A2FB2A300D8B57E /* TodoApp.app */,
			);
			name = Products;
			sourceTree = "<group>";
		};
		3D33C2382A2FB2A300D8B57E /* TodoApp */ = {
			isa = PBXGroup;
			children = (
				3D33C24D2A30195700D8B57E /* View */,
				3D33C24A2A2FD40F00D8B57E /* ViewModel */,
				3D33C2472A2FB2A800D8B57E /* Model */,
				3D33C2392A2FB2A300D8B57E /* TodoAppApp.swift */,
				3D33C23B2A2FB2A300D8B57E /* ContentView.swift */,
				3D33C23D2A2FB2A400D8B57E /* Assets.xcassets */,
				3D33C23F2A2FB2A400D8B57E /* Preview Content */,
			);
			path = TodoApp;
			sourceTree = "<group>";
		};
		3D33C23F2A2FB2A400D8B57E /* Preview Content */ = {
			isa = PBXGroup;
			children = (
				3D33C2402A2FB2A400D8B57E /* Preview Assets.xcassets */,
			);
			path = "Preview Content";
			sourceTree = "<group>";
		};
		3D33C2472A2FB2A800D8B57E /* Model */ = {
			isa = PBXGroup;
			children = (
				3D33C2482A2FB2C600D8B57E /* ItemModel.swift */,
			);
			path = Model;
			sourceTree = "<group>";
		};
		3D33C24A2A2FD40F00D8B57E /* ViewModel */ = {
			isa = PBXGroup;
			children = (
				3D33C24B2A2FD42400D8B57E /* ListViewModel.swift */,
			);
			path = ViewModel;
			sourceTree = "<group>";
		};
		3D33C24D2A30195700D8B57E /* View */ = {
			isa = PBXGroup;
			children = (
				3D33C24E2A30197600D8B57E /* EmptyListView.swift */,
				3D33C2502A301B3500D8B57E /* AddViewItem.swift */,
				3D33C2522A30236F00D8B57E /* ListRowView.swift */,
				3D33C2542A30259100D8B57E /* ListView.swift */,
			);
			path = View;
			sourceTree = "<group>";
		};
/* End PBXGroup section */

/* Begin PBXNativeTarget section */
		3D33C2352A2FB2A300D8B57E /* TodoApp */ = {
			isa = PBXNativeTarget;
			buildConfigurationList = 3D33C2442A2FB2A400D8B57E /* Build configuration list for PBXNativeTarget "TodoApp" */;
			buildPhases = (
				3D33C2322A2FB2A300D8B57E /* Sources */,
				3D33C2332A2FB2A300D8B57E /* Frameworks */,
				3D33C2342A2FB2A300D8B57E /* Resources */,
			);
			buildRules = (
			);
			dependencies = (
			);
			name = TodoApp;
			productName = TodoApp;
			productReference = 3D33C2362A2FB2A300D8B57E /* TodoApp.app */;
			productType = "com.apple.product-type.application";
		};
/* End PBXNativeTarget section */

/* Begin PBXProject section */
		3D33C22E2A2FB2A300D8B57E /* Project object */ = {
			isa = PBXProject;
			attributes = {
				BuildIndependentTargetsInParallel = 1;
				LastSwiftUpdateCheck = 1430;
				LastUpgradeCheck = 1430;
				TargetAttributes = {
					3D33C2352A2FB2A300D8B57E = {
						CreatedOnToolsVersion = 14.3.1;
					};
				};
			};
			buildConfigurationList = 3D33C2312A2FB2A300D8B57E /* Build configuration list for PBXProject "TodoApp" */;
			compatibilityVersion = "Xcode 14.0";
			developmentRegion = en;
			hasScannedForEncodings = 0;
			knownRegions = (
				en,
				Base,
			);
			mainGroup = 3D33C22D2A2FB2A300D8B57E;
			productRefGroup = 3D33C2372A2FB2A300D8B57E /* Products */;
			projectDirPath = "";
			projectRoot = "";
			targets = (
				3D33C2352A2FB2A300D8B57E /* TodoApp */,
			);
		};
/* End PBXProject section */

/* Begin PBXResourcesBuildPhase section */
		3D33C2342A2FB2A300D8B57E /* Resources */ = {
			isa = PBXResourcesBuildPhase;
			buildActionMask = 2147483647;
			files = (
				3D33C2412A2FB2A400D8B57E /* Preview Assets.xcassets in Resources */,
				3D33C23E2A2FB2A400D8B57E /* Assets.xcassets in Resources */,
			);
			runOnlyForDeploymentPostprocessing = 0;
		};
/* End PBXResourcesBuildPhase section */

/* Begin PBXSourcesBuildPhase section */
		3D33C2322A2FB2A300D8B57E /* Sources */ = {
			isa = PBXSourcesBuildPhase;
			buildActionMask = 2147483647;
			files = (
				3D33C2552A30259100D8B57E /* ListView.swift in Sources */,
				3D33C2492A2FB2C600D8B57E /* ItemModel.swift in Sources */,
				3D33C2532A30237000D8B57E /* ListRowView.swift in Sources */,
				3D33C24C2A2FD42400D8B57E /* ListViewModel.swift in Sources */,
				3D33C23C2A2FB2A300D8B57E /* ContentView.swift in Sources */,
				3D33C23A2A2FB2A300D8B57E /* TodoAppApp.swift in Sources */,
				3D33C24F2A30197600D8B57E /* EmptyListView.swift in Sources */,
				3D33C2512A301B3500D8B57E /* AddViewItem.swift in Sources */,
			);
			runOnlyForDeploymentPostprocessing = 0;
		};
/* End PBXSourcesBuildPhase section */

/* Begin XCBuildConfiguration section */
		3D33C2422A2FB2A400D8B57E /* Debug */ = {
			isa = XCBuildConfiguration;
			buildSettings = {
				ALWAYS_SEARCH_USER_PATHS = NO;
				CLANG_ANALYZER_NONNULL = YES;
				CLANG_ANALYZER_NUMBER_OBJECT_CONVERSION = YES_AGGRESSIVE;
				CLANG_CXX_LANGUAGE_STANDARD = "gnu++20";
				CLANG_ENABLE_MODULES = YES;
				CLANG_ENABLE_OBJC_ARC = YES;
				CLANG_ENABLE_OBJC_WEAK = YES;
				CLANG_WARN_BLOCK_CAPTURE_AUTORELEASING = YES;
				CLANG_WARN_BOOL_CONVERSION = YES;
				CLANG_WARN_COMMA = YES;
				CLANG_WARN_CONSTANT_CONVERSION = YES;
				CLANG_WARN_DEPRECATED_OBJC_IMPLEMENTATIONS = YES;
				CLANG_WARN_DIRECT_OBJC_ISA_USAGE = YES_ERROR;
				CLANG_WARN_DOCUMENTATION_COMMENTS = YES;
				CLANG_WARN_EMPTY_BODY = YES;
				CLANG_WARN_ENUM_CONVERSION = YES;
				CLANG_WARN_INFINITE_RECURSION = YES;
				CLANG_WARN_INT_CONVERSION = YES;
				CLANG_WARN_NON_LITERAL_NULL_CONVERSION = YES;
				CLANG_WARN_OBJC_IMPLICIT_RETAIN_SELF = YES;
				CLANG_WARN_OBJC_LITERAL_CONVERSION = YES;
				CLANG_WARN_OBJC_ROOT_CLASS = YES_ERROR;
				CLANG_WARN_QUOTED_INCLUDE_IN_FRAMEWORK_HEADER = YES;
				CLANG_WARN_RANGE_LOOP_ANALYSIS = YES;
				CLANG_WARN_STRICT_PROTOTYPES = YES;
				CLANG_WARN_SUSPICIOUS_MOVE = YES;
				CLANG_WARN_UNGUARDED_AVAILABILITY = YES_AGGRESSIVE;
				CLANG_WARN_UNREACHABLE_CODE = YES;
				CLANG_WARN__DUPLICATE_METHOD_MATCH = YES;
				COPY_PHASE_STRIP = NO;
				DEBUG_INFORMATION_FORMAT = dwarf;
				ENABLE_STRICT_OBJC_MSGSEND = YES;
				ENABLE_TESTABILITY = YES;
				GCC_C_LANGUAGE_STANDARD = gnu11;
				GCC_DYNAMIC_NO_PIC = NO;
				GCC_NO_COMMON_BLOCKS = YES;
				GCC_OPTIMIZATION_LEVEL = 0;
				GCC_PREPROCESSOR_DEFINITIONS = (
					"DEBUG=1",
					"$(inherited)",
				);
				GCC_WARN_64_TO_32_BIT_CONVERSION = YES;
				GCC_WARN_ABOUT_RETURN_TYPE = YES_ERROR;
				GCC_WARN_UNDECLARED_SELECTOR = YES;
				GCC_WARN_UNINITIALIZED_AUTOS = YES_AGGRESSIVE;
				GCC_WARN_UNUSED_FUNCTION = YES;
				GCC_WARN_UNUSED_VARIABLE = YES;
				IPHONEOS_DEPLOYMENT_TARGET = 16.4;
				MTL_ENABLE_DEBUG_INFO = INCLUDE_SOURCE;
				MTL_FAST_MATH = YES;
				ONLY_ACTIVE_ARCH = YES;
				SDKROOT = iphoneos;
				SWIFT_ACTIVE_COMPILATION_CONDITIONS = DEBUG;
				SWIFT_OPTIMIZATION_LEVEL = "-Onone";
			};
			name = Debug;
		};
		3D33C2432A2FB2A400D8B57E /* Release */ = {
			isa = XCBuildConfiguration;
			buildSettings = {
				ALWAYS_SEARCH_USER_PATHS = NO;
				CLANG_ANALYZER_NONNULL = YES;
				CLANG_ANALYZER_NUMBER_OBJECT_CONVERSION = YES_AGGRESSIVE;
				CLANG_CXX_LANGUAGE_STANDARD = "gnu++20";
				CLANG_ENABLE_MODULES = YES;
				CLANG_ENABLE_OBJC_ARC = YES;
				CLANG_ENABLE_OBJC_WEAK = YES;
				CLANG_WARN_BLOCK_CAPTURE_AUTORELEASING = YES;
				CLANG_WARN_BOOL_CONVERSION = YES;
				CLANG_WARN_COMMA = YES;
				CLANG_WARN_CONSTANT_CONVERSION = YES;
				CLANG_WARN_DEPRECATED_OBJC_IMPLEMENTATIONS = YES;
				CLANG_WARN_DIRECT_OBJC_ISA_USAGE = YES_ERROR;
				CLANG_WARN_DOCUMENTATION_COMMENTS = YES;
				CLANG_WARN_EMPTY_BODY = YES;
				CLANG_WARN_ENUM_CONVERSION = YES;
				CLANG_WARN_INFINITE_RECURSION = YES;
				CLANG_WARN_INT_CONVERSION = YES;
				CLANG_WARN_NON_LITERAL_NULL_CONVERSION = YES;
				CLANG_WARN_OBJC_IMPLICIT_RETAIN_SELF = YES;
				CLANG_WARN_OBJC_LITERAL_CONVERSION = YES;
				CLANG_WARN_OBJC_ROOT_CLASS = YES_ERROR;
				CLANG_WARN_QUOTED_INCLUDE_IN_FRAMEWORK_HEADER = YES;
				CLANG_WARN_RANGE_LOOP_ANALYSIS = YES;
				CLANG_WARN_STRICT_PROTOTYPES = YES;
				CLANG_WARN_SUSPICIOUS_MOVE = YES;
				CLANG_WARN_UNGUARDED_AVAILABILITY = YES_AGGRESSIVE;
				CLANG_WARN_UNREACHABLE_CODE = YES;
				CLANG_WARN__DUPLICATE_METHOD_MATCH = YES;
				COPY_PHASE_STRIP = NO;
				DEBUG_INFORMATION_FORMAT = "dwarf-with-dsym";
				ENABLE_NS_ASSERTIONS = NO;
				ENABLE_STRICT_OBJC_MSGSEND = YES;
				GCC_C_LANGUAGE_STANDARD = gnu11;
				GCC_NO_COMMON_BLOCKS = YES;
				GCC_WARN_64_TO_32_BIT_CONVERSION = YES;
				GCC_WARN_ABOUT_RETURN_TYPE = YES_ERROR;
				GCC_WARN_UNDECLARED_SELECTOR = YES;
				GCC_WARN_UNINITIALIZED_AUTOS = YES_AGGRESSIVE;
				GCC_WARN_UNUSED_FUNCTION = YES;
				GCC_WARN_UNUSED_VARIABLE = YES;
				IPHONEOS_DEPLOYMENT_TARGET = 16.4;
				MTL_ENABLE_DEBUG_INFO = NO;
				MTL_FAST_MATH = YES;
				SDKROOT = iphoneos;
				SWIFT_COMPILATION_MODE = wholemodule;
				SWIFT_OPTIMIZATION_LEVEL = "-O";
				VALIDATE_PRODUCT = YES;
			};
			name = Release;
		};
		3D33C2452A2FB2A400D8B57E /* Debug */ = {
			isa = XCBuildConfiguration;
			buildSettings = {
				ASSETCATALOG_COMPILER_APPICON_NAME = AppIcon;
				ASSETCATALOG_COMPILER_GLOBAL_ACCENT_COLOR_NAME = AccentColor;
				CODE_SIGN_STYLE = Automatic;
				CURRENT_PROJECT_VERSION = 1;
				DEVELOPMENT_ASSET_PATHS = "\"TodoApp/Preview Content\"";
				ENABLE_PREVIEWS = YES;
				GENERATE_INFOPLIST_FILE = YES;
				INFOPLIST_KEY_UIApplicationSceneManifest_Generation = YES;
				INFOPLIST_KEY_UIApplicationSupportsIndirectInputEvents = YES;
				INFOPLIST_KEY_UILaunchScreen_Generation = YES;
				INFOPLIST_KEY_UISupportedInterfaceOrientations_iPad = "UIInterfaceOrientationPortrait UIInterfaceOrientationPortraitUpsideDown UIInterfaceOrientationLandscapeLeft UIInterfaceOrientationLandscapeRight";
				INFOPLIST_KEY_UISupportedInterfaceOrientations_iPhone = "UIInterfaceOrientationPortrait UIInterfaceOrientationLandscapeLeft UIInterfaceOrientationLandscapeRight";
				LD_RUNPATH_SEARCH_PATHS = (
					"$(inherited)",
					"@executable_path/Frameworks",
				);
				MARKETING_VERSION = 1.0;
				PRODUCT_BUNDLE_IDENTIFIER = com.TodoApp;
				PRODUCT_NAME = "$(TARGET_NAME)";
				SWIFT_EMIT_LOC_STRINGS = YES;
				SWIFT_VERSION = 5.0;
				TARGETED_DEVICE_FAMILY = "1,2";
			};
			name = Debug;
		};
		3D33C2462A2FB2A400D8B57E /* Release */ = {
			isa = XCBuildConfiguration;
			buildSettings = {
				ASSETCATALOG_COMPILER_APPICON_NAME = AppIcon;
				ASSETCATALOG_COMPILER_GLOBAL_ACCENT_COLOR_NAME = AccentColor;
				CODE_SIGN_STYLE = Automatic;
				CURRENT_PROJECT_VERSION = 1;
				DEVELOPMENT_ASSET_PATHS = "\"TodoApp/Preview Content\"";
				ENABLE_PREVIEWS = YES;
				GENERATE_INFOPLIST_FILE = YES;
				INFOPLIST_KEY_UIApplicationSceneManifest_Generation = YES;
				INFOPLIST_KEY_UIApplicationSupportsIndirectInputEvents = YES;
				INFOPLIST_KEY_UILaunchScreen_Generation = YES;
				INFOPLIST_KEY_UISupportedInterfaceOrientations_iPad = "UIInterfaceOrientationPortrait UIInterfaceOrientationPortraitUpsideDown UIInterfaceOrientationLandscapeLeft UIInterfaceOrientationLandscapeRight";
				INFOPLIST_KEY_UISupportedInterfaceOrientations_iPhone = "UIInterfaceOrientationPortrait UIInterfaceOrientationLandscapeLeft UIInterfaceOrientationLandscapeRight";
				LD_RUNPATH_SEARCH_PATHS = (
					"$(inherited)",
					"@executable_path/Frameworks",
				);
				MARKETING_VERSION = 1.0;
				PRODUCT_BUNDLE_IDENTIFIER = com.TodoApp;
				PRODUCT_NAME = "$(TARGET_NAME)";
				SWIFT_EMIT_LOC_STRINGS = YES;
				SWIFT_VERSION = 5.0;
				TARGETED_DEVICE_FAMILY = "1,2";
			};
			name = Release;
		};
/* End XCBuildConfiguration section */

/* Begin XCConfigurationList section */
		3D33C2312A2FB2A300D8B57E /* Build configuration list for PBXProject "TodoApp" */ = {
			isa = XCConfigurationList;
			buildConfigurations = (
				3D33C2422A2FB2A400D8B57E /* Debug */,
				3D33C2432A2FB2A400D8B57E /* Release */,
			);
			defaultConfigurationIsVisible = 0;
			defaultConfigurationName = Release;
		};
		3D33C2442A2FB2A400D8B57E /* Build configuration list for PBXNativeTarget "TodoApp" */ = {
			isa = XCConfigurationList;
			buildConfigurations = (
				3D33C2452A2FB2A400D8B57E /* Debug */,
				3D33C2462A2FB2A400D8B57E /* Release */,
			);
			defaultConfigurationIsVisible = 0;
			defaultConfigurationName = Release;
		};
/* End XCConfigurationList section */
	};
	rootObject = 3D33C22E2A2FB2A300D8B57E /* Project object */;
}
